
Microsoft Visual Studio Solution File, Format Version 12.00
# Visual Studio Version 16
VisualStudioVersion = 16.0.33328.57
MinimumVisualStudioVersion = 10.0.40219.1
Project("{FAE04EC0-301F-11D3-BF4B-00C04F79EFBC}") = "Prestamo", "Prestamo.csproj", "{FCDB6916-44C1-4D07-8594-3584458FA6B5}"
EndProject
Global
	GlobalSection(SolutionConfigurationPlatforms) = preSolution
		Debug|Any CPU = Debug|Any CPU
		Release|Any CPU = Release|Any CPU
	EndGlobalSection
	GlobalSection(ProjectConfigurationPlatforms) = postSolution
		{FCDB6916-44C1-4D07-8594-3584458FA6B5}.Debug|Any CPU.ActiveCfg = Debug|Any CPU
		{FCDB6916-44C1-4D07-8594-3584458FA6B5}.Debug|Any CPU.Build.0 = Debug|Any CPU
		{FCDB6916-44C1-4D07-8594-3584458FA6B5}.Release|Any CPU.ActiveCfg = Release|Any CPU
		{FCDB6916-44C1-4D07-8594-3584458FA6B5}.Release|Any CPU.Build.0 = Release|Any CPU
	EndGlobalSection
	GlobalSection(SolutionProperties) = preSolution
		HideSolutionNode = FALSE
	EndGlobalSection
	GlobalSection(ExtensibilityGlobals) = postSolution
		SolutionGuid = {45E82F50-69BE-4E42-A007-4B841A2679C9}
	EndGlobalSection
EndGlobal
